
Microsoft Visual Studio Solution File, Format Version 12.00
# Visual Studio Version 17
VisualStudioVersion = 17.2.32616.157
MinimumVisualStudioVersion = 10.0.40219.1
Project("{FAE04EC0-301F-11D3-BF4B-00C04F79EFBC}") = "bookstoreapp", "bookstoreapp.csproj", "{BA75EA11-6551-4AEA-8DF7-25028AEE44D2}"
EndProject
Global
	GlobalSection(SolutionConfigurationPlatforms) = preSolution
		Debug|Any CPU = Debug|Any CPU
		Release|Any CPU = Release|Any CPU
	EndGlobalSection
	GlobalSection(ProjectConfigurationPlatforms) = postSolution
		{BA75EA11-6551-4AEA-8DF7-25028AEE44D2}.Debug|Any CPU.ActiveCfg = Debug|Any CPU
		{BA75EA11-6551-4AEA-8DF7-25028AEE44D2}.Debug|Any CPU.Build.0 = Debug|Any CPU
		{BA75EA11-6551-4AEA-8DF7-25028AEE44D2}.Release|Any CPU.ActiveCfg = Release|Any CPU
		{BA75EA11-6551-4AEA-8DF7-25028AEE44D2}.Release|Any CPU.Build.0 = Release|Any CPU
	EndGlobalSection
	GlobalSection(SolutionProperties) = preSolution
		HideSolutionNode = FALSE
	EndGlobalSection
	GlobalSection(ExtensibilityGlobals) = postSolution
		SolutionGuid = {DCE94E90-9546-4ABD-9D13-3BF89F5128AF}
	EndGlobalSection
EndGlobal
